
Microsoft Visual Studio Solution File, Format Version 11.00
# Visual Studio 2010
Project("{FAE04EC0-301F-11D3-BF4B-00C04F79EFBC}") = "StudentRandom", "StudentRandom\StudentRandom.csproj", "{F49E952F-BD3B-41C0-B015-6FC3C02CA3C1}"
EndProject
Global
	GlobalSection(SolutionConfigurationPlatforms) = preSolution
		Debug|x86 = Debug|x86
		Release|x86 = Release|x86
	EndGlobalSection
	GlobalSection(ProjectConfigurationPlatforms) = postSolution
		{F49E952F-BD3B-41C0-B015-6FC3C02CA3C1}.Debug|x86.ActiveCfg = Release|x86
		{F49E952F-BD3B-41C0-B015-6FC3C02CA3C1}.Debug|x86.Build.0 = Release|x86
		{F49E952F-BD3B-41C0-B015-6FC3C02CA3C1}.Release|x86.ActiveCfg = Release|x86
		{F49E952F-BD3B-41C0-B015-6FC3C02CA3C1}.Release|x86.Build.0 = Release|x86
	EndGlobalSection
	GlobalSection(SolutionProperties) = preSolution
		HideSolutionNode = FALSE
	EndGlobalSection
EndGlobal
