
Microsoft Visual Studio Solution File, Format Version 11.00
# Visual Studio 2010
Project("{FAE04EC0-301F-11D3-BF4B-00C04F79EFBC}") = "ProxyPattern", "ProxyPattern\ProxyPattern.csproj", "{3BCB832C-CB9F-4506-BD54-5352038ED5BF}"
EndProject
Project("{FAE04EC0-301F-11D3-BF4B-00C04F79EFBC}") = "Math", "Math\Math.csproj", "{37D2AAC5-628C-420A-9112-0B8E8C704981}"
EndProject
Project("{FAE04EC0-301F-11D3-BF4B-00C04F79EFBC}") = "IMath", "IMath\IMath.csproj", "{C036E12C-C16C-421C-AC21-E600A9DB4220}"
EndProject
Global
	GlobalSection(SolutionConfigurationPlatforms) = preSolution
		Debug|Any CPU = Debug|Any CPU
		Debug|Mixed Platforms = Debug|Mixed Platforms
		Debug|x86 = Debug|x86
		Release|Any CPU = Release|Any CPU
		Release|Mixed Platforms = Release|Mixed Platforms
		Release|x86 = Release|x86
	EndGlobalSection
	GlobalSection(ProjectConfigurationPlatforms) = postSolution
		{3BCB832C-CB9F-4506-BD54-5352038ED5BF}.Debug|Any CPU.ActiveCfg = Debug|x86
		{3BCB832C-CB9F-4506-BD54-5352038ED5BF}.Debug|Mixed Platforms.ActiveCfg = Debug|x86
		{3BCB832C-CB9F-4506-BD54-5352038ED5BF}.Debug|Mixed Platforms.Build.0 = Debug|x86
		{3BCB832C-CB9F-4506-BD54-5352038ED5BF}.Debug|x86.ActiveCfg = Debug|x86
		{3BCB832C-CB9F-4506-BD54-5352038ED5BF}.Debug|x86.Build.0 = Debug|x86
		{3BCB832C-CB9F-4506-BD54-5352038ED5BF}.Release|Any CPU.ActiveCfg = Release|x86
		{3BCB832C-CB9F-4506-BD54-5352038ED5BF}.Release|Mixed Platforms.ActiveCfg = Release|x86
		{3BCB832C-CB9F-4506-BD54-5352038ED5BF}.Release|Mixed Platforms.Build.0 = Release|x86
		{3BCB832C-CB9F-4506-BD54-5352038ED5BF}.Release|x86.ActiveCfg = Release|x86
		{3BCB832C-CB9F-4506-BD54-5352038ED5BF}.Release|x86.Build.0 = Release|x86
		{37D2AAC5-628C-420A-9112-0B8E8C704981}.Debug|Any CPU.ActiveCfg = Debug|Any CPU
		{37D2AAC5-628C-420A-9112-0B8E8C704981}.Debug|Any CPU.Build.0 = Debug|Any CPU
		{37D2AAC5-628C-420A-9112-0B8E8C704981}.Debug|Mixed Platforms.ActiveCfg = Debug|Any CPU
		{37D2AAC5-628C-420A-9112-0B8E8C704981}.Debug|Mixed Platforms.Build.0 = Debug|Any CPU
		{37D2AAC5-628C-420A-9112-0B8E8C704981}.Debug|x86.ActiveCfg = Debug|Any CPU
		{37D2AAC5-628C-420A-9112-0B8E8C704981}.Release|Any CPU.ActiveCfg = Release|Any CPU
		{37D2AAC5-628C-420A-9112-0B8E8C704981}.Release|Any CPU.Build.0 = Release|Any CPU
		{37D2AAC5-628C-420A-9112-0B8E8C704981}.Release|Mixed Platforms.ActiveCfg = Release|Any CPU
		{37D2AAC5-628C-420A-9112-0B8E8C704981}.Release|Mixed Platforms.Build.0 = Release|Any CPU
		{37D2AAC5-628C-420A-9112-0B8E8C704981}.Release|x86.ActiveCfg = Release|Any CPU
		{C036E12C-C16C-421C-AC21-E600A9DB4220}.Debug|Any CPU.ActiveCfg = Debug|Any CPU
		{C036E12C-C16C-421C-AC21-E600A9DB4220}.Debug|Any CPU.Build.0 = Debug|Any CPU
		{C036E12C-C16C-421C-AC21-E600A9DB4220}.Debug|Mixed Platforms.ActiveCfg = Debug|Any CPU
		{C036E12C-C16C-421C-AC21-E600A9DB4220}.Debug|Mixed Platforms.Build.0 = Debug|Any CPU
		{C036E12C-C16C-421C-AC21-E600A9DB4220}.Debug|x86.ActiveCfg = Debug|Any CPU
		{C036E12C-C16C-421C-AC21-E600A9DB4220}.Release|Any CPU.ActiveCfg = Release|Any CPU
		{C036E12C-C16C-421C-AC21-E600A9DB4220}.Release|Any CPU.Build.0 = Release|Any CPU
		{C036E12C-C16C-421C-AC21-E600A9DB4220}.Release|Mixed Platforms.ActiveCfg = Release|Any CPU
		{C036E12C-C16C-421C-AC21-E600A9DB4220}.Release|Mixed Platforms.Build.0 = Release|Any CPU
		{C036E12C-C16C-421C-AC21-E600A9DB4220}.Release|x86.ActiveCfg = Release|Any CPU
	EndGlobalSection
	GlobalSection(SolutionProperties) = preSolution
		HideSolutionNode = FALSE
	EndGlobalSection
EndGlobal
