
Microsoft Visual Studio Solution File, Format Version 11.00
# Visual Studio 2010
Project("{FAE04EC0-301F-11D3-BF4B-00C04F79EFBC}") = "RequestQuerystring", "RequestQuerystring\RequestQuerystring.csproj", "{C40BE33C-3E6E-4C94-BC10-5DEF6B7BFEB7}"
EndProject
Global
	GlobalSection(SolutionConfigurationPlatforms) = preSolution
		Debug|Any CPU = Debug|Any CPU
		Release|Any CPU = Release|Any CPU
	EndGlobalSection
	GlobalSection(ProjectConfigurationPlatforms) = postSolution
		{C40BE33C-3E6E-4C94-BC10-5DEF6B7BFEB7}.Debug|Any CPU.ActiveCfg = Debug|Any CPU
		{C40BE33C-3E6E-4C94-BC10-5DEF6B7BFEB7}.Debug|Any CPU.Build.0 = Debug|Any CPU
		{C40BE33C-3E6E-4C94-BC10-5DEF6B7BFEB7}.Release|Any CPU.ActiveCfg = Release|Any CPU
		{C40BE33C-3E6E-4C94-BC10-5DEF6B7BFEB7}.Release|Any CPU.Build.0 = Release|Any CPU
	EndGlobalSection
	GlobalSection(SolutionProperties) = preSolution
		HideSolutionNode = FALSE
	EndGlobalSection
EndGlobal
