
Microsoft Visual Studio Solution File, Format Version 11.00
# Visual Studio 2010
Project("{FAE04EC0-301F-11D3-BF4B-00C04F79EFBC}") = "XMLSerial", "XMLSerial\XMLSerial.csproj", "{FA2A026E-23EA-4878-AD64-0E2B880385AA}"
EndProject
Global
	GlobalSection(SolutionConfigurationPlatforms) = preSolution
		Debug|x86 = Debug|x86
		Release|x86 = Release|x86
	EndGlobalSection
	GlobalSection(ProjectConfigurationPlatforms) = postSolution
		{FA2A026E-23EA-4878-AD64-0E2B880385AA}.Debug|x86.ActiveCfg = Debug|x86
		{FA2A026E-23EA-4878-AD64-0E2B880385AA}.Debug|x86.Build.0 = Debug|x86
		{FA2A026E-23EA-4878-AD64-0E2B880385AA}.Release|x86.ActiveCfg = Release|x86
		{FA2A026E-23EA-4878-AD64-0E2B880385AA}.Release|x86.Build.0 = Release|x86
	EndGlobalSection
	GlobalSection(SolutionProperties) = preSolution
		HideSolutionNode = FALSE
	EndGlobalSection
EndGlobal
